
Microsoft Visual Studio Solution File, Format Version 12.00
# Visual Studio Version 16
VisualStudioVersion = 16.0.28803.156
MinimumVisualStudioVersion = 10.0.40219.1
Project("{9A19103F-16F7-4668-BE54-9A1E7A4F7556}") = "AudibleApi", "AudibleApi\AudibleApi.csproj", "{802FC20E-E6DB-4FDB-B914-E9939656CBC0}"
EndProject
Project("{9A19103F-16F7-4668-BE54-9A1E7A4F7556}") = "Dinah.Core", "Dinah.Core (Shared)\Dinah.Core.csproj", "{2BF8059E-477D-4458-9C94-839EE53ED4C0}"
EndProject
Project("{2150E333-8FDC-42A3-9474-1A3956D46DE8}") = "Tests", "Tests", "{9A54D81F-14FE-435F-BFE3-DD3EF5D4D739}"
EndProject
Project("{9A19103F-16F7-4668-BE54-9A1E7A4F7556}") = "Dinah.Core.Tests", "_Tests\Dinah.Core.Tests (Shared)\Dinah.Core.Tests.csproj", "{3AFD982F-3F1D-4B92-A75F-2244E1BC4CB1}"
EndProject
Project("{9A19103F-16F7-4668-BE54-9A1E7A4F7556}") = "TestCommon", "_Tests\TestCommon (Shared)\TestCommon.csproj", "{FE3B820B-2C36-46C0-816E-1198A3DA58A2}"
EndProject
Project("{9A19103F-16F7-4668-BE54-9A1E7A4F7556}") = "AudibleApiClientExample", "AudibleApiClientExample\AudibleApiClientExample.csproj", "{03CCECAB-15A2-4B5C-8BBE-3D81908D3431}"
EndProject
Project("{9A19103F-16F7-4668-BE54-9A1E7A4F7556}") = "AudibleApi.Tests", "_Tests\AudibleApi.Tests\AudibleApi.Tests.csproj", "{47899E9B-FE2B-48F5-8A4A-3E315FC97D57}"
EndProject
Project("{2150E333-8FDC-42A3-9474-1A3956D46DE8}") = "Demos", "Demos", "{17D5A9DB-FEEA-4407-BC56-E109C4A318B8}"
EndProject
Project("{9A19103F-16F7-4668-BE54-9A1E7A4F7556}") = "Dinah.Core.Demos", "_Demos\Dinah.Core.Demos (Shared)\Dinah.Core.Demos.csproj", "{EAED0B5C-B07F-44F8-81F9-CB290BD40156}"
EndProject
Global
	GlobalSection(SolutionConfigurationPlatforms) = preSolution
		Debug|Any CPU = Debug|Any CPU
		Release|Any CPU = Release|Any CPU
	EndGlobalSection
	GlobalSection(ProjectConfigurationPlatforms) = postSolution
		{802FC20E-E6DB-4FDB-B914-E9939656CBC0}.Debug|Any CPU.ActiveCfg = Debug|Any CPU
		{802FC20E-E6DB-4FDB-B914-E9939656CBC0}.Debug|Any CPU.Build.0 = Debug|Any CPU
		{802FC20E-E6DB-4FDB-B914-E9939656CBC0}.Release|Any CPU.ActiveCfg = Release|Any CPU
		{802FC20E-E6DB-4FDB-B914-E9939656CBC0}.Release|Any CPU.Build.0 = Release|Any CPU
		{2BF8059E-477D-4458-9C94-839EE53ED4C0}.Debug|Any CPU.ActiveCfg = Debug|Any CPU
		{2BF8059E-477D-4458-9C94-839EE53ED4C0}.Debug|Any CPU.Build.0 = Debug|Any CPU
		{2BF8059E-477D-4458-9C94-839EE53ED4C0}.Release|Any CPU.ActiveCfg = Release|Any CPU
		{2BF8059E-477D-4458-9C94-839EE53ED4C0}.Release|Any CPU.Build.0 = Release|Any CPU
		{3AFD982F-3F1D-4B92-A75F-2244E1BC4CB1}.Debug|Any CPU.ActiveCfg = Debug|Any CPU
		{3AFD982F-3F1D-4B92-A75F-2244E1BC4CB1}.Debug|Any CPU.Build.0 = Debug|Any CPU
		{3AFD982F-3F1D-4B92-A75F-2244E1BC4CB1}.Release|Any CPU.ActiveCfg = Release|Any CPU
		{3AFD982F-3F1D-4B92-A75F-2244E1BC4CB1}.Release|Any CPU.Build.0 = Release|Any CPU
		{FE3B820B-2C36-46C0-816E-1198A3DA58A2}.Debug|Any CPU.ActiveCfg = Debug|Any CPU
		{FE3B820B-2C36-46C0-816E-1198A3DA58A2}.Debug|Any CPU.Build.0 = Debug|Any CPU
		{FE3B820B-2C36-46C0-816E-1198A3DA58A2}.Release|Any CPU.ActiveCfg = Release|Any CPU
		{FE3B820B-2C36-46C0-816E-1198A3DA58A2}.Release|Any CPU.Build.0 = Release|Any CPU
		{03CCECAB-15A2-4B5C-8BBE-3D81908D3431}.Debug|Any CPU.ActiveCfg = Debug|Any CPU
		{03CCECAB-15A2-4B5C-8BBE-3D81908D3431}.Debug|Any CPU.Build.0 = Debug|Any CPU
		{03CCECAB-15A2-4B5C-8BBE-3D81908D3431}.Release|Any CPU.ActiveCfg = Release|Any CPU
		{03CCECAB-15A2-4B5C-8BBE-3D81908D3431}.Release|Any CPU.Build.0 = Release|Any CPU
		{47899E9B-FE2B-48F5-8A4A-3E315FC97D57}.Debug|Any CPU.ActiveCfg = Debug|Any CPU
		{47899E9B-FE2B-48F5-8A4A-3E315FC97D57}.Debug|Any CPU.Build.0 = Debug|Any CPU
		{47899E9B-FE2B-48F5-8A4A-3E315FC97D57}.Release|Any CPU.ActiveCfg = Release|Any CPU
		{47899E9B-FE2B-48F5-8A4A-3E315FC97D57}.Release|Any CPU.Build.0 = Release|Any CPU
		{EAED0B5C-B07F-44F8-81F9-CB290BD40156}.Debug|Any CPU.ActiveCfg = Debug|Any CPU
		{EAED0B5C-B07F-44F8-81F9-CB290BD40156}.Debug|Any CPU.Build.0 = Debug|Any CPU
		{EAED0B5C-B07F-44F8-81F9-CB290BD40156}.Release|Any CPU.ActiveCfg = Release|Any CPU
		{EAED0B5C-B07F-44F8-81F9-CB290BD40156}.Release|Any CPU.Build.0 = Release|Any CPU
	EndGlobalSection
	GlobalSection(SolutionProperties) = preSolution
		HideSolutionNode = FALSE
	EndGlobalSection
	GlobalSection(NestedProjects) = preSolution
		{3AFD982F-3F1D-4B92-A75F-2244E1BC4CB1} = {9A54D81F-14FE-435F-BFE3-DD3EF5D4D739}
		{FE3B820B-2C36-46C0-816E-1198A3DA58A2} = {9A54D81F-14FE-435F-BFE3-DD3EF5D4D739}
		{47899E9B-FE2B-48F5-8A4A-3E315FC97D57} = {9A54D81F-14FE-435F-BFE3-DD3EF5D4D739}
		{EAED0B5C-B07F-44F8-81F9-CB290BD40156} = {17D5A9DB-FEEA-4407-BC56-E109C4A318B8}
	EndGlobalSection
	GlobalSection(ExtensibilityGlobals) = postSolution
		SolutionGuid = {33CC528E-77EC-4700-887B-C525E3D991A5}
	EndGlobalSection
EndGlobal
