
Microsoft Visual Studio Solution File, Format Version 12.00
# Visual Studio Version 16
VisualStudioVersion = 16.0.28803.156
MinimumVisualStudioVersion = 10.0.40219.1
Project("{9A19103F-16F7-4668-BE54-9A1E7A4F7556}") = "AudibleApi", "AudibleApi\AudibleApi.csproj", "{802FC20E-E6DB-4FDB-B914-E9939656CBC0}"
EndProject
Project("{2150E333-8FDC-42A3-9474-1A3956D46DE8}") = "Tests", "Tests", "{9A54D81F-14FE-435F-BFE3-DD3EF5D4D739}"
EndProject
Project("{9A19103F-16F7-4668-BE54-9A1E7A4F7556}") = "AudibleApiClientExample", "AudibleApiClientExample\AudibleApiClientExample.csproj", "{03CCECAB-15A2-4B5C-8BBE-3D81908D3431}"
EndProject
Project("{9A19103F-16F7-4668-BE54-9A1E7A4F7556}") = "AudibleApi.Tests", "_Tests\AudibleApi.Tests\AudibleApi.Tests.csproj", "{47899E9B-FE2B-48F5-8A4A-3E315FC97D57}"
EndProject
Project("{2150E333-8FDC-42A3-9474-1A3956D46DE8}") = "Demos", "Demos", "{17D5A9DB-FEEA-4407-BC56-E109C4A318B8}"
EndProject
Project("{9A19103F-16F7-4668-BE54-9A1E7A4F7556}") = "Dinah.Core", "..\..\Dinah.Core\Dinah.Core\Dinah.Core.csproj", "{E7903DE3-B5C6-4812-917F-318696BAA4FD}"
EndProject
Project("{9A19103F-16F7-4668-BE54-9A1E7A4F7556}") = "Dinah.Core.Tests", "..\..\Dinah.Core\_Tests\Dinah.Core.Tests\Dinah.Core.Tests.csproj", "{2304F527-91AA-47CF-93DD-77AFAA0C268C}"
EndProject
Project("{9A19103F-16F7-4668-BE54-9A1E7A4F7556}") = "Dinah.Core.Demos", "..\..\Dinah.Core\_Demos\Dinah.Core.Demos\Dinah.Core.Demos.csproj", "{1644B39D-FADA-478F-B7D4-02E31AF92605}"
EndProject
Project("{9A19103F-16F7-4668-BE54-9A1E7A4F7556}") = "TestCommon", "..\..\Dinah.Core\_Tests\TestCommon\TestCommon.csproj", "{6FC827E6-AB69-4947-923D-EADF9270105B}"
EndProject
Project("{9A19103F-16F7-4668-BE54-9A1E7A4F7556}") = "GitAllRepos", "..\..\GitAllRepos\GitAllRepos\GitAllRepos.csproj", "{86AA00E5-FB12-4A60-AE67-B1DB22D9928B}"
EndProject
Global
	GlobalSection(SolutionConfigurationPlatforms) = preSolution
		Debug|Any CPU = Debug|Any CPU
		Release|Any CPU = Release|Any CPU
	EndGlobalSection
	GlobalSection(ProjectConfigurationPlatforms) = postSolution
		{802FC20E-E6DB-4FDB-B914-E9939656CBC0}.Debug|Any CPU.ActiveCfg = Debug|Any CPU
		{802FC20E-E6DB-4FDB-B914-E9939656CBC0}.Debug|Any CPU.Build.0 = Debug|Any CPU
		{802FC20E-E6DB-4FDB-B914-E9939656CBC0}.Release|Any CPU.ActiveCfg = Release|Any CPU
		{802FC20E-E6DB-4FDB-B914-E9939656CBC0}.Release|Any CPU.Build.0 = Release|Any CPU
		{03CCECAB-15A2-4B5C-8BBE-3D81908D3431}.Debug|Any CPU.ActiveCfg = Debug|Any CPU
		{03CCECAB-15A2-4B5C-8BBE-3D81908D3431}.Debug|Any CPU.Build.0 = Debug|Any CPU
		{03CCECAB-15A2-4B5C-8BBE-3D81908D3431}.Release|Any CPU.ActiveCfg = Release|Any CPU
		{03CCECAB-15A2-4B5C-8BBE-3D81908D3431}.Release|Any CPU.Build.0 = Release|Any CPU
		{47899E9B-FE2B-48F5-8A4A-3E315FC97D57}.Debug|Any CPU.ActiveCfg = Debug|Any CPU
		{47899E9B-FE2B-48F5-8A4A-3E315FC97D57}.Debug|Any CPU.Build.0 = Debug|Any CPU
		{47899E9B-FE2B-48F5-8A4A-3E315FC97D57}.Release|Any CPU.ActiveCfg = Release|Any CPU
		{47899E9B-FE2B-48F5-8A4A-3E315FC97D57}.Release|Any CPU.Build.0 = Release|Any CPU
		{E7903DE3-B5C6-4812-917F-318696BAA4FD}.Debug|Any CPU.ActiveCfg = Debug|Any CPU
		{E7903DE3-B5C6-4812-917F-318696BAA4FD}.Debug|Any CPU.Build.0 = Debug|Any CPU
		{E7903DE3-B5C6-4812-917F-318696BAA4FD}.Release|Any CPU.ActiveCfg = Release|Any CPU
		{E7903DE3-B5C6-4812-917F-318696BAA4FD}.Release|Any CPU.Build.0 = Release|Any CPU
		{2304F527-91AA-47CF-93DD-77AFAA0C268C}.Debug|Any CPU.ActiveCfg = Debug|Any CPU
		{2304F527-91AA-47CF-93DD-77AFAA0C268C}.Debug|Any CPU.Build.0 = Debug|Any CPU
		{2304F527-91AA-47CF-93DD-77AFAA0C268C}.Release|Any CPU.ActiveCfg = Release|Any CPU
		{2304F527-91AA-47CF-93DD-77AFAA0C268C}.Release|Any CPU.Build.0 = Release|Any CPU
		{1644B39D-FADA-478F-B7D4-02E31AF92605}.Debug|Any CPU.ActiveCfg = Debug|Any CPU
		{1644B39D-FADA-478F-B7D4-02E31AF92605}.Debug|Any CPU.Build.0 = Debug|Any CPU
		{1644B39D-FADA-478F-B7D4-02E31AF92605}.Release|Any CPU.ActiveCfg = Release|Any CPU
		{1644B39D-FADA-478F-B7D4-02E31AF92605}.Release|Any CPU.Build.0 = Release|Any CPU
		{6FC827E6-AB69-4947-923D-EADF9270105B}.Debug|Any CPU.ActiveCfg = Debug|Any CPU
		{6FC827E6-AB69-4947-923D-EADF9270105B}.Debug|Any CPU.Build.0 = Debug|Any CPU
		{6FC827E6-AB69-4947-923D-EADF9270105B}.Release|Any CPU.ActiveCfg = Release|Any CPU
		{6FC827E6-AB69-4947-923D-EADF9270105B}.Release|Any CPU.Build.0 = Release|Any CPU
		{86AA00E5-FB12-4A60-AE67-B1DB22D9928B}.Debug|Any CPU.ActiveCfg = Debug|Any CPU
		{86AA00E5-FB12-4A60-AE67-B1DB22D9928B}.Debug|Any CPU.Build.0 = Debug|Any CPU
		{86AA00E5-FB12-4A60-AE67-B1DB22D9928B}.Release|Any CPU.ActiveCfg = Release|Any CPU
		{86AA00E5-FB12-4A60-AE67-B1DB22D9928B}.Release|Any CPU.Build.0 = Release|Any CPU
	EndGlobalSection
	GlobalSection(SolutionProperties) = preSolution
		HideSolutionNode = FALSE
	EndGlobalSection
	GlobalSection(NestedProjects) = preSolution
		{47899E9B-FE2B-48F5-8A4A-3E315FC97D57} = {9A54D81F-14FE-435F-BFE3-DD3EF5D4D739}
		{2304F527-91AA-47CF-93DD-77AFAA0C268C} = {9A54D81F-14FE-435F-BFE3-DD3EF5D4D739}
		{1644B39D-FADA-478F-B7D4-02E31AF92605} = {17D5A9DB-FEEA-4407-BC56-E109C4A318B8}
		{6FC827E6-AB69-4947-923D-EADF9270105B} = {9A54D81F-14FE-435F-BFE3-DD3EF5D4D739}
		{86AA00E5-FB12-4A60-AE67-B1DB22D9928B} = {9A54D81F-14FE-435F-BFE3-DD3EF5D4D739}
	EndGlobalSection
	GlobalSection(ExtensibilityGlobals) = postSolution
		SolutionGuid = {33CC528E-77EC-4700-887B-C525E3D991A5}
	EndGlobalSection
EndGlobal
